
Microsoft Visual Studio Solution File, Format Version 12.00
Project("{FAE04EC0-301F-11D3-BF4B-00C04F79EFBC}") = "BackgroundTask", "BackgroundTask\BackgroundTask.csproj", "{469A8040-FEB2-42DE-9C7E-D7EAF34EEB2B}"
EndProject
Project("{FAE04EC0-301F-11D3-BF4B-00C04F79EFBC}") = "CallbackHandler", "CallbackHandler\CallbackHandler.csproj", "{35302B31-0A3D-4847-8023-CBF6B43CABE7}"
EndProject
Global
	GlobalSection(SolutionConfigurationPlatforms) = preSolution
		Debug|Any CPU = Debug|Any CPU
		Release|Any CPU = Release|Any CPU
	EndGlobalSection
	GlobalSection(ProjectConfigurationPlatforms) = postSolution
		{469A8040-FEB2-42DE-9C7E-D7EAF34EEB2B}.Debug|Any CPU.ActiveCfg = Debug|Any CPU
		{469A8040-FEB2-42DE-9C7E-D7EAF34EEB2B}.Debug|Any CPU.Build.0 = Debug|Any CPU
		{469A8040-FEB2-42DE-9C7E-D7EAF34EEB2B}.Release|Any CPU.ActiveCfg = Release|Any CPU
		{469A8040-FEB2-42DE-9C7E-D7EAF34EEB2B}.Release|Any CPU.Build.0 = Release|Any CPU
		{35302B31-0A3D-4847-8023-CBF6B43CABE7}.Debug|Any CPU.ActiveCfg = Debug|Any CPU
		{35302B31-0A3D-4847-8023-CBF6B43CABE7}.Debug|Any CPU.Build.0 = Debug|Any CPU
		{35302B31-0A3D-4847-8023-CBF6B43CABE7}.Release|Any CPU.ActiveCfg = Release|Any CPU
		{35302B31-0A3D-4847-8023-CBF6B43CABE7}.Release|Any CPU.Build.0 = Release|Any CPU
	EndGlobalSection
EndGlobal
